
Microsoft Visual Studio Solution File, Format Version 12.00
# Visual Studio Version 17
VisualStudioVersion = 17.9.34723.18
MinimumVisualStudioVersion = 10.0.40219.1
Project("{9A19103F-16F7-4668-BE54-9A1E7A4F7556}") = "SaleReceipt", "SaleReceipt.csproj", "{6C49B1F8-131C-426F-957D-0FA67D0A9403}"
EndProject
Project("{2150E333-8FDC-42A3-9474-1A3956D46DE8}") = "Solution Items", "Solution Items", "{96C1B619-3246-4F8B-A05B-B1650955A632}"
EndProject
Global
	GlobalSection(SolutionConfigurationPlatforms) = preSolution
		Debug|Any CPU = Debug|Any CPU
		Release|Any CPU = Release|Any CPU
	EndGlobalSection
	GlobalSection(ProjectConfigurationPlatforms) = postSolution
		{6C49B1F8-131C-426F-957D-0FA67D0A9403}.Debug|Any CPU.ActiveCfg = Debug|Any CPU
		{6C49B1F8-131C-426F-957D-0FA67D0A9403}.Debug|Any CPU.Build.0 = Debug|Any CPU
		{6C49B1F8-131C-426F-957D-0FA67D0A9403}.Release|Any CPU.ActiveCfg = Release|Any CPU
		{6C49B1F8-131C-426F-957D-0FA67D0A9403}.Release|Any CPU.Build.0 = Release|Any CPU
	EndGlobalSection
	GlobalSection(SolutionProperties) = preSolution
		HideSolutionNode = FALSE
	EndGlobalSection
	GlobalSection(ExtensibilityGlobals) = postSolution
		SolutionGuid = {671C3463-DDFF-40C6-BF63-D02A4C0A2F07}
	EndGlobalSection
EndGlobal
